
Microsoft Visual Studio Solution File, Format Version 12.00
# Visual Studio Version 17
VisualStudioVersion = 17.5.33502.453
MinimumVisualStudioVersion = 10.0.40219.1
Project("{FAE04EC0-301F-11D3-BF4B-00C04F79EFBC}") = "Mission14_trev3law", "Mission14_trev3law.csproj", "{A640CC2C-B6FD-4DB8-9941-7D35F6EE507B}"
EndProject
Global
	GlobalSection(SolutionConfigurationPlatforms) = preSolution
		Debug|Any CPU = Debug|Any CPU
		Release|Any CPU = Release|Any CPU
	EndGlobalSection
	GlobalSection(ProjectConfigurationPlatforms) = postSolution
		{A640CC2C-B6FD-4DB8-9941-7D35F6EE507B}.Debug|Any CPU.ActiveCfg = Debug|Any CPU
		{A640CC2C-B6FD-4DB8-9941-7D35F6EE507B}.Debug|Any CPU.Build.0 = Debug|Any CPU
		{A640CC2C-B6FD-4DB8-9941-7D35F6EE507B}.Release|Any CPU.ActiveCfg = Release|Any CPU
		{A640CC2C-B6FD-4DB8-9941-7D35F6EE507B}.Release|Any CPU.Build.0 = Release|Any CPU
	EndGlobalSection
	GlobalSection(SolutionProperties) = preSolution
		HideSolutionNode = FALSE
	EndGlobalSection
	GlobalSection(ExtensibilityGlobals) = postSolution
		SolutionGuid = {2EA4374F-B189-4673-9662-7837891CE7E5}
	EndGlobalSection
EndGlobal
